
Microsoft Visual Studio Solution File, Format Version 12.00
# Visual Studio Version 17
VisualStudioVersion = 17.7.34031.279
MinimumVisualStudioVersion = 10.0.40219.1
Project("{888888A0-9F3D-457C-B088-3A5042F75D52}") = "CircleEq", "CircleEq.pyproj", "{AC9D2C14-9096-4FE9-AE6C-C73432614ECD}"
EndProject
Global
	GlobalSection(SolutionConfigurationPlatforms) = preSolution
		Debug|Any CPU = Debug|Any CPU
		Release|Any CPU = Release|Any CPU
	EndGlobalSection
	GlobalSection(ProjectConfigurationPlatforms) = postSolution
		{AC9D2C14-9096-4FE9-AE6C-C73432614ECD}.Debug|Any CPU.ActiveCfg = Debug|Any CPU
		{AC9D2C14-9096-4FE9-AE6C-C73432614ECD}.Release|Any CPU.ActiveCfg = Release|Any CPU
	EndGlobalSection
	GlobalSection(SolutionProperties) = preSolution
		HideSolutionNode = FALSE
	EndGlobalSection
	GlobalSection(ExtensibilityGlobals) = postSolution
		SolutionGuid = {F2A59C6A-19AF-4C08-B8DE-031E18ED2E83}
	EndGlobalSection
EndGlobal
