
Microsoft Visual Studio Solution File, Format Version 12.00
# Visual Studio Version 17
VisualStudioVersion = 17.7.34031.279
MinimumVisualStudioVersion = 10.0.40219.1
Project("{888888A0-9F3D-457C-B088-3A5042F75D52}") = "Distributions", "Distributions.pyproj", "{74F3C210-CE4A-4879-BE22-7D5EDA06F638}"
EndProject
Global
	GlobalSection(SolutionConfigurationPlatforms) = preSolution
		Debug|Any CPU = Debug|Any CPU
		Release|Any CPU = Release|Any CPU
	EndGlobalSection
	GlobalSection(ProjectConfigurationPlatforms) = postSolution
		{74F3C210-CE4A-4879-BE22-7D5EDA06F638}.Debug|Any CPU.ActiveCfg = Debug|Any CPU
		{74F3C210-CE4A-4879-BE22-7D5EDA06F638}.Release|Any CPU.ActiveCfg = Release|Any CPU
	EndGlobalSection
	GlobalSection(SolutionProperties) = preSolution
		HideSolutionNode = FALSE
	EndGlobalSection
	GlobalSection(ExtensibilityGlobals) = postSolution
		SolutionGuid = {600BDE78-D5A7-49CC-9C65-AF5AA6C68642}
	EndGlobalSection
EndGlobal
